
Microsoft Visual Studio Solution File, Format Version 12.00
# Visual Studio Version 17
VisualStudioVersion = 17.11.35219.272
MinimumVisualStudioVersion = 10.0.40219.1
Project("{FAE04EC0-301F-11D3-BF4B-00C04F79EFBC}") = "ShapeSMOdel", "ShapeSMOdel.csproj", "{CAC7E24D-0D95-4CE8-A166-137B729AFBBF}"
EndProject
Global
	GlobalSection(SolutionConfigurationPlatforms) = preSolution
		Debug|Any CPU = Debug|Any CPU
		Release|Any CPU = Release|Any CPU
	EndGlobalSection
	GlobalSection(ProjectConfigurationPlatforms) = postSolution
		{CAC7E24D-0D95-4CE8-A166-137B729AFBBF}.Debug|Any CPU.ActiveCfg = Debug|Any CPU
		{CAC7E24D-0D95-4CE8-A166-137B729AFBBF}.Debug|Any CPU.Build.0 = Debug|Any CPU
		{CAC7E24D-0D95-4CE8-A166-137B729AFBBF}.Release|Any CPU.ActiveCfg = Release|Any CPU
		{CAC7E24D-0D95-4CE8-A166-137B729AFBBF}.Release|Any CPU.Build.0 = Release|Any CPU
	EndGlobalSection
	GlobalSection(SolutionProperties) = preSolution
		HideSolutionNode = FALSE
	EndGlobalSection
	GlobalSection(ExtensibilityGlobals) = postSolution
		SolutionGuid = {BFD02AA3-D740-4E72-8A8C-755D01575006}
	EndGlobalSection
EndGlobal
